
Microsoft Visual Studio Solution File, Format Version 12.00
# Visual Studio Version 16
VisualStudioVersion = 16.0.30503.244
MinimumVisualStudioVersion = 10.0.40219.1
Project("{FAE04EC0-301F-11D3-BF4B-00C04F79EFBC}") = "UtilisateursGUI", "UtilisateursGUI\UtilisateursGUI.csproj", "{1FC0365A-6906-481B-A5D9-B7848EA1F493}"
EndProject
Project("{FAE04EC0-301F-11D3-BF4B-00C04F79EFBC}") = "UtilisateursBLL", "UtilisateursBLL\UtilisateursBLL.csproj", "{F133A78B-4ABC-49A4-A818-EA500D4977BF}"
EndProject
Project("{FAE04EC0-301F-11D3-BF4B-00C04F79EFBC}") = "UtilisateursBO", "UtilisateursBO\UtilisateursBO.csproj", "{BE29A759-DA1F-42AF-9B1E-95C1583A47A3}"
EndProject
Project("{FAE04EC0-301F-11D3-BF4B-00C04F79EFBC}") = "UtilisateursDAL", "UtilisateursDAL\UtilisateursDAL.csproj", "{5DF2D300-5442-4450-B969-63ACD191906C}"
EndProject
Global
	GlobalSection(SolutionConfigurationPlatforms) = preSolution
		Debug|Any CPU = Debug|Any CPU
		Release|Any CPU = Release|Any CPU
	EndGlobalSection
	GlobalSection(ProjectConfigurationPlatforms) = postSolution
		{1FC0365A-6906-481B-A5D9-B7848EA1F493}.Debug|Any CPU.ActiveCfg = Debug|Any CPU
		{1FC0365A-6906-481B-A5D9-B7848EA1F493}.Debug|Any CPU.Build.0 = Debug|Any CPU
		{1FC0365A-6906-481B-A5D9-B7848EA1F493}.Release|Any CPU.ActiveCfg = Release|Any CPU
		{1FC0365A-6906-481B-A5D9-B7848EA1F493}.Release|Any CPU.Build.0 = Release|Any CPU
		{F133A78B-4ABC-49A4-A818-EA500D4977BF}.Debug|Any CPU.ActiveCfg = Debug|Any CPU
		{F133A78B-4ABC-49A4-A818-EA500D4977BF}.Debug|Any CPU.Build.0 = Debug|Any CPU
		{F133A78B-4ABC-49A4-A818-EA500D4977BF}.Release|Any CPU.ActiveCfg = Release|Any CPU
		{F133A78B-4ABC-49A4-A818-EA500D4977BF}.Release|Any CPU.Build.0 = Release|Any CPU
		{BE29A759-DA1F-42AF-9B1E-95C1583A47A3}.Debug|Any CPU.ActiveCfg = Debug|Any CPU
		{BE29A759-DA1F-42AF-9B1E-95C1583A47A3}.Debug|Any CPU.Build.0 = Debug|Any CPU
		{BE29A759-DA1F-42AF-9B1E-95C1583A47A3}.Release|Any CPU.ActiveCfg = Release|Any CPU
		{BE29A759-DA1F-42AF-9B1E-95C1583A47A3}.Release|Any CPU.Build.0 = Release|Any CPU
		{5DF2D300-5442-4450-B969-63ACD191906C}.Debug|Any CPU.ActiveCfg = Debug|Any CPU
		{5DF2D300-5442-4450-B969-63ACD191906C}.Debug|Any CPU.Build.0 = Debug|Any CPU
		{5DF2D300-5442-4450-B969-63ACD191906C}.Release|Any CPU.ActiveCfg = Release|Any CPU
		{5DF2D300-5442-4450-B969-63ACD191906C}.Release|Any CPU.Build.0 = Release|Any CPU
	EndGlobalSection
	GlobalSection(SolutionProperties) = preSolution
		HideSolutionNode = FALSE
	EndGlobalSection
	GlobalSection(ExtensibilityGlobals) = postSolution
		SolutionGuid = {5DF474FA-6FB3-4489-A1AF-07ED3D33A0C8}
	EndGlobalSection
EndGlobal
